
Microsoft Visual Studio Solution File, Format Version 12.00
# Visual Studio Version 16
VisualStudioVersion = 16.0.31005.135
MinimumVisualStudioVersion = 10.0.40219.1
Project("{FAE04EC0-301F-11D3-BF4B-00C04F79EFBC}") = "laba11", "laba11\laba11.csproj", "{DF05E864-9039-494C-A083-293DDB21958E}"
EndProject
Project("{FAE04EC0-301F-11D3-BF4B-00C04F79EFBC}") = "Tests", "Tests\Tests.csproj", "{0266497F-1359-46C6-BD04-D0B4966757FA}"
EndProject
Global
	GlobalSection(SolutionConfigurationPlatforms) = preSolution
		Debug|Any CPU = Debug|Any CPU
		Release|Any CPU = Release|Any CPU
	EndGlobalSection
	GlobalSection(ProjectConfigurationPlatforms) = postSolution
		{DF05E864-9039-494C-A083-293DDB21958E}.Debug|Any CPU.ActiveCfg = Debug|Any CPU
		{DF05E864-9039-494C-A083-293DDB21958E}.Debug|Any CPU.Build.0 = Debug|Any CPU
		{DF05E864-9039-494C-A083-293DDB21958E}.Release|Any CPU.ActiveCfg = Release|Any CPU
		{DF05E864-9039-494C-A083-293DDB21958E}.Release|Any CPU.Build.0 = Release|Any CPU
		{0266497F-1359-46C6-BD04-D0B4966757FA}.Debug|Any CPU.ActiveCfg = Debug|Any CPU
		{0266497F-1359-46C6-BD04-D0B4966757FA}.Debug|Any CPU.Build.0 = Debug|Any CPU
		{0266497F-1359-46C6-BD04-D0B4966757FA}.Release|Any CPU.ActiveCfg = Release|Any CPU
		{0266497F-1359-46C6-BD04-D0B4966757FA}.Release|Any CPU.Build.0 = Release|Any CPU
	EndGlobalSection
	GlobalSection(SolutionProperties) = preSolution
		HideSolutionNode = FALSE
	EndGlobalSection
	GlobalSection(ExtensibilityGlobals) = postSolution
		SolutionGuid = {E7B3176E-6F40-4E2E-8774-C729C9D8EEBE}
	EndGlobalSection
EndGlobal
